
Microsoft Visual Studio Solution File, Format Version 12.00
# Visual Studio Version 17
VisualStudioVersion = 17.4.33213.308
MinimumVisualStudioVersion = 10.0.40219.1
Project("{FAE04EC0-301F-11D3-BF4B-00C04F79EFBC}") = "lab", "lab\lab.csproj", "{FCCCF4C5-D341-41B8-8463-C01F371CEEB1}"
EndProject
Project("{FAE04EC0-301F-11D3-BF4B-00C04F79EFBC}") = "lab.Tests", "lab.Tests\lab.Tests.csproj", "{7498C535-ADEE-4B8B-9A64-8A9125888AE9}"
EndProject
Global
	GlobalSection(SolutionConfigurationPlatforms) = preSolution
		Debug|Any CPU = Debug|Any CPU
		Release|Any CPU = Release|Any CPU
	EndGlobalSection
	GlobalSection(ProjectConfigurationPlatforms) = postSolution
		{FCCCF4C5-D341-41B8-8463-C01F371CEEB1}.Debug|Any CPU.ActiveCfg = Debug|Any CPU
		{FCCCF4C5-D341-41B8-8463-C01F371CEEB1}.Debug|Any CPU.Build.0 = Debug|Any CPU
		{FCCCF4C5-D341-41B8-8463-C01F371CEEB1}.Release|Any CPU.ActiveCfg = Release|Any CPU
		{FCCCF4C5-D341-41B8-8463-C01F371CEEB1}.Release|Any CPU.Build.0 = Release|Any CPU
		{7498C535-ADEE-4B8B-9A64-8A9125888AE9}.Debug|Any CPU.ActiveCfg = Debug|Any CPU
		{7498C535-ADEE-4B8B-9A64-8A9125888AE9}.Debug|Any CPU.Build.0 = Debug|Any CPU
		{7498C535-ADEE-4B8B-9A64-8A9125888AE9}.Release|Any CPU.ActiveCfg = Release|Any CPU
		{7498C535-ADEE-4B8B-9A64-8A9125888AE9}.Release|Any CPU.Build.0 = Release|Any CPU
	EndGlobalSection
	GlobalSection(SolutionProperties) = preSolution
		HideSolutionNode = FALSE
	EndGlobalSection
	GlobalSection(ExtensibilityGlobals) = postSolution
		SolutionGuid = {CEB2E3E4-7D15-4395-8FE2-4168B0AA2263}
	EndGlobalSection
EndGlobal
